
Microsoft Visual Studio Solution File, Format Version 12.00
# Visual Studio Version 16
VisualStudioVersion = 16.0.31729.503
MinimumVisualStudioVersion = 10.0.40219.1
Project("{FAE04EC0-301F-11D3-BF4B-00C04F79EFBC}") = "HotelManagementWeb", "HotelManagementWeb\HotelManagementWeb.csproj", "{D18887C9-028A-438D-A356-10E25E372D93}"
EndProject
Global
	GlobalSection(SolutionConfigurationPlatforms) = preSolution
		Debug|Any CPU = Debug|Any CPU
		Release|Any CPU = Release|Any CPU
	EndGlobalSection
	GlobalSection(ProjectConfigurationPlatforms) = postSolution
		{D18887C9-028A-438D-A356-10E25E372D93}.Debug|Any CPU.ActiveCfg = Debug|Any CPU
		{D18887C9-028A-438D-A356-10E25E372D93}.Debug|Any CPU.Build.0 = Debug|Any CPU
		{D18887C9-028A-438D-A356-10E25E372D93}.Release|Any CPU.ActiveCfg = Release|Any CPU
		{D18887C9-028A-438D-A356-10E25E372D93}.Release|Any CPU.Build.0 = Release|Any CPU
	EndGlobalSection
	GlobalSection(SolutionProperties) = preSolution
		HideSolutionNode = FALSE
	EndGlobalSection
	GlobalSection(ExtensibilityGlobals) = postSolution
		SolutionGuid = {8FE2B8E4-0C84-4A3A-A630-F5DE4213FCB5}
	EndGlobalSection
EndGlobal
